# This file was autogenerated by Stack.
# You should not edit this file by hand.
# For more information, please see the documentation at:
#   https://docs.haskellstack.org/en/stable/lock_files

packages:
- completed:
    hackage: glpk-hs-0.3.5@sha256:3d9f657866b473c9cf512043efaa94f5d707ac4d83625c24363f1a9eb3f0de17,2319
    pantry-tree:
      size: 1698
      sha256: ace99868ef644b9fdd0da777e66bf449cf89ce309c7e02cbfac2dab94878935f
  original:
    hackage: glpk-hs-0.3.5
snapshots:
- completed:
    size: 284946
    url: https://raw.githubusercontent.com/commercialhaskell/stackage-snapshots/master/lts/3/7.yaml
    sha256: e83954c25a742f64f51e4d922816b0f09895be4186854c6268de65b9c9f6b721
  original: lts-3.7
